<Solution>
  <Folder Name="/src/">
    <Project Path="src/Depot.CleanArchitecture.Api/Depot.CleanArchitecture.Api.csproj" />
    <Project Path="src/Depot.CleanArchitecture.Application/Depot.CleanArchitecture.Application.csproj" />
    <Project Path="src/Depot.CleanArchitecture.Domain/Depot.CleanArchitecture.Domain.csproj" />
    <Project Path="src/Depot.CleanArchitecture.Infrastructure/Depot.CleanArchitecture.Infrastructure.csproj" />
  </Folder>
  <Folder Name="/tests/">
    <Project Path="tests/Depot.CleanArchitecture.Domain.UnitTests/Depot.CleanArchitecture.Domain.UnitTests.csproj" />
  </Folder>
</Solution>
